// !$*UTF8*$!
{
	archiveVersion = 1;
	classes = {
	};
	objectVersion = 50;
	objects = {

/* Begin PBXBuildFile section */
		3D1ED71C227C9D79005D9B51 /* AppDelegate.m in Sources */ = {isa = PBXBuildFile; fileRef = 3D1ED71B227C9D79005D9B51 /* AppDelegate.m */; };
		3D1ED725227C9D79005D9B51 /* ReleaseManager.xcdatamodeld in Sources */ = {isa = PBXBuildFile; fileRef = 3D1ED723227C9D79005D9B51 /* ReleaseManager.xcdatamodeld */; };
		3D1ED727227C9D7C005D9B51 /* Assets.xcassets in Resources */ = {isa = PBXBuildFile; fileRef = 3D1ED726227C9D7C005D9B51 /* Assets.xcassets */; };
		3D1ED72A227C9D7C005D9B51 /* LaunchScreen.storyboard in Resources */ = {isa = PBXBuildFile; fileRef = 3D1ED728227C9D7C005D9B51 /* LaunchScreen.storyboard */; };
		3D1ED72D227C9D7C005D9B51 /* main.m in Sources */ = {isa = PBXBuildFile; fileRef = 3D1ED72C227C9D7C005D9B51 /* main.m */; };
		3D1ED737227C9D7C005D9B51 /* NewsModelTests.m in Sources */ = {isa = PBXBuildFile; fileRef = 3D1ED736227C9D7C005D9B51 /* NewsModelTests.m */; };
		3D1ED742227C9D7C005D9B51 /* NewsModelUITests.m in Sources */ = {isa = PBXBuildFile; fileRef = 3D1ED741227C9D7C005D9B51 /* NewsModelUITests.m */; };
		3D1ED751227E2DB5005D9B51 /* NewsViewController.m in Sources */ = {isa = PBXBuildFile; fileRef = 3D1ED750227E2DB5005D9B51 /* NewsViewController.m */; };
		3D1ED757227E2E09005D9B51 /* ReleaseViewController.m in Sources */ = {isa = PBXBuildFile; fileRef = 3D1ED756227E2E09005D9B51 /* ReleaseViewController.m */; };
		3D1ED78A2281E8C1005D9B51 /* NewsModel.m in Sources */ = {isa = PBXBuildFile; fileRef = 3D1ED7892281E8C1005D9B51 /* NewsModel.m */; };
		3D5F92CA22870400000BC0DE /* NewsManagedObject+CoreDataClass.m in Sources */ = {isa = PBXBuildFile; fileRef = 3D5F92C822870400000BC0DE /* NewsManagedObject+CoreDataClass.m */; };
		3D5F92CB22870400000BC0DE /* NewsManagedObject+CoreDataProperties.m in Sources */ = {isa = PBXBuildFile; fileRef = 3D5F92C922870400000BC0DE /* NewsManagedObject+CoreDataProperties.m */; };
		3D5F92CE22871233000BC0DE /* NewsNetworkService.m in Sources */ = {isa = PBXBuildFile; fileRef = 3D5F92CD22871233000BC0DE /* NewsNetworkService.m */; };
		3D5F92D52289BD7D000BC0DE /* DTONews.m in Sources */ = {isa = PBXBuildFile; fileRef = 3D5F92D42289BD7D000BC0DE /* DTONews.m */; };
		3D5F92D8228B0282000BC0DE /* NewsDetailsViewController.m in Sources */ = {isa = PBXBuildFile; fileRef = 3D5F92D7228B0282000BC0DE /* NewsDetailsViewController.m */; };
		3D5F92DA228C45C8000BC0DE /* TestBundle.bundle in Resources */ = {isa = PBXBuildFile; fileRef = 3D5F92D9228C45C8000BC0DE /* TestBundle.bundle */; };
		3D5F92E42292F1C2000BC0DE /* ReleaseManagedObject+CoreDataClass.m in Sources */ = {isa = PBXBuildFile; fileRef = 3D5F92DE2292F1C2000BC0DE /* ReleaseManagedObject+CoreDataClass.m */; };
		3D5F92E52292F1C2000BC0DE /* ReleaseManagedObject+CoreDataProperties.m in Sources */ = {isa = PBXBuildFile; fileRef = 3D5F92DF2292F1C2000BC0DE /* ReleaseManagedObject+CoreDataProperties.m */; };
		3D5F92E62292F1C2000BC0DE /* FeatureManagedObject+CoreDataClass.m in Sources */ = {isa = PBXBuildFile; fileRef = 3D5F92E22292F1C2000BC0DE /* FeatureManagedObject+CoreDataClass.m */; };
		3D5F92E72292F1C2000BC0DE /* FeatureManagedObject+CoreDataProperties.m in Sources */ = {isa = PBXBuildFile; fileRef = 3D5F92E32292F1C2000BC0DE /* FeatureManagedObject+CoreDataProperties.m */; };
		3D5F92EA2292F2B2000BC0DE /* ReleaseNetworkService.m in Sources */ = {isa = PBXBuildFile; fileRef = 3D5F92E92292F2B2000BC0DE /* ReleaseNetworkService.m */; };
		3D5F92ED2292F332000BC0DE /* FeatureNetworkService.m in Sources */ = {isa = PBXBuildFile; fileRef = 3D5F92EC2292F332000BC0DE /* FeatureNetworkService.m */; };
		3D5F92F22292FF9F000BC0DE /* DTORelease.m in Sources */ = {isa = PBXBuildFile; fileRef = 3D5F92F12292FF9F000BC0DE /* DTORelease.m */; };
		3D5F92F52292FFB1000BC0DE /* DTOFeature.m in Sources */ = {isa = PBXBuildFile; fileRef = 3D5F92F42292FFB1000BC0DE /* DTOFeature.m */; };
		3D5F92F8229302AA000BC0DE /* ReleaseModel.m in Sources */ = {isa = PBXBuildFile; fileRef = 3D5F92F7229302AA000BC0DE /* ReleaseModel.m */; };
		3D5F92FB229302C0000BC0DE /* FeatureModel.m in Sources */ = {isa = PBXBuildFile; fileRef = 3D5F92FA229302BF000BC0DE /* FeatureModel.m */; };
		3D5F930122934193000BC0DE /* ReleaseCollectionViewCell.m in Sources */ = {isa = PBXBuildFile; fileRef = 3D5F930022934193000BC0DE /* ReleaseCollectionViewCell.m */; };
		9289F48CC939A92F92F2EA24 /* libPods-ReleaseManagerUITests.a in Frameworks */ = {isa = PBXBuildFile; fileRef = FBC20FEF0D8C57291C0549D1 /* libPods-ReleaseManagerUITests.a */; };
		D7815FFD62C92D6414BED6E5 /* libPods-ReleaseManager.a in Frameworks */ = {isa = PBXBuildFile; fileRef = 977314F0800DC55C314C495E /* libPods-ReleaseManager.a */; };
		E3FE2F04553A4B77D75D4AD9 /* libPods-ReleaseManagerTests.a in Frameworks */ = {isa = PBXBuildFile; fileRef = C969DF8C7352E08339E638AF /* libPods-ReleaseManagerTests.a */; };
/* End PBXBuildFile section */

/* Begin PBXContainerItemProxy section */
		3D1ED733227C9D7C005D9B51 /* PBXContainerItemProxy */ = {
			isa = PBXContainerItemProxy;
			containerPortal = 3D1ED70F227C9D79005D9B51 /* Project object */;
			proxyType = 1;
			remoteGlobalIDString = 3D1ED716227C9D79005D9B51;
			remoteInfo = ReleaseManager;
		};
		3D1ED73E227C9D7C005D9B51 /* PBXContainerItemProxy */ = {
			isa = PBXContainerItemProxy;
			containerPortal = 3D1ED70F227C9D79005D9B51 /* Project object */;
			proxyType = 1;
			remoteGlobalIDString = 3D1ED716227C9D79005D9B51;
			remoteInfo = ReleaseManager;
		};
/* End PBXContainerItemProxy section */

/* Begin PBXFileReference section */
		3D1ED717227C9D79005D9B51 /* ReleaseManager.app */ = {isa = PBXFileReference; explicitFileType = wrapper.application; includeInIndex = 0; path = ReleaseManager.app; sourceTree = BUILT_PRODUCTS_DIR; };
		3D1ED71A227C9D79005D9B51 /* AppDelegate.h */ = {isa = PBXFileReference; lastKnownFileType = sourcecode.c.h; path = AppDelegate.h; sourceTree = "<group>"; };
		3D1ED71B227C9D79005D9B51 /* AppDelegate.m */ = {isa = PBXFileReference; lastKnownFileType = sourcecode.c.objc; path = AppDelegate.m; sourceTree = "<group>"; };
		3D1ED724227C9D79005D9B51 /* ReleaseManager.xcdatamodel */ = {isa = PBXFileReference; lastKnownFileType = wrapper.xcdatamodel; path = ReleaseManager.xcdatamodel; sourceTree = "<group>"; };
		3D1ED726227C9D7C005D9B51 /* Assets.xcassets */ = {isa = PBXFileReference; lastKnownFileType = folder.assetcatalog; path = Assets.xcassets; sourceTree = "<group>"; };
		3D1ED729227C9D7C005D9B51 /* Base */ = {isa = PBXFileReference; lastKnownFileType = file.storyboard; name = Base; path = Base.lproj/LaunchScreen.storyboard; sourceTree = "<group>"; };
		3D1ED72B227C9D7C005D9B51 /* Info.plist */ = {isa = PBXFileReference; lastKnownFileType = text.plist.xml; path = Info.plist; sourceTree = "<group>"; };
		3D1ED72C227C9D7C005D9B51 /* main.m */ = {isa = PBXFileReference; lastKnownFileType = sourcecode.c.objc; path = main.m; sourceTree = "<group>"; };
		3D1ED732227C9D7C005D9B51 /* ReleaseManagerTests.xctest */ = {isa = PBXFileReference; explicitFileType = wrapper.cfbundle; includeInIndex = 0; path = ReleaseManagerTests.xctest; sourceTree = BUILT_PRODUCTS_DIR; };
		3D1ED736227C9D7C005D9B51 /* NewsModelTests.m */ = {isa = PBXFileReference; lastKnownFileType = sourcecode.c.objc; path = NewsModelTests.m; sourceTree = "<group>"; };
		3D1ED738227C9D7C005D9B51 /* Info.plist */ = {isa = PBXFileReference; lastKnownFileType = text.plist.xml; path = Info.plist; sourceTree = "<group>"; };
		3D1ED73D227C9D7C005D9B51 /* ReleaseManagerUITests.xctest */ = {isa = PBXFileReference; explicitFileType = wrapper.cfbundle; includeInIndex = 0; path = ReleaseManagerUITests.xctest; sourceTree = BUILT_PRODUCTS_DIR; };
		3D1ED741227C9D7C005D9B51 /* NewsModelUITests.m */ = {isa = PBXFileReference; lastKnownFileType = sourcecode.c.objc; path = NewsModelUITests.m; sourceTree = "<group>"; };
		3D1ED743227C9D7C005D9B51 /* Info.plist */ = {isa = PBXFileReference; lastKnownFileType = text.plist.xml; path = Info.plist; sourceTree = "<group>"; };
		3D1ED74F227E2DB5005D9B51 /* NewsViewController.h */ = {isa = PBXFileReference; lastKnownFileType = sourcecode.c.h; path = NewsViewController.h; sourceTree = "<group>"; };
		3D1ED750227E2DB5005D9B51 /* NewsViewController.m */ = {isa = PBXFileReference; lastKnownFileType = sourcecode.c.objc; path = NewsViewController.m; sourceTree = "<group>"; };
		3D1ED755227E2E09005D9B51 /* ReleaseViewController.h */ = {isa = PBXFileReference; lastKnownFileType = sourcecode.c.h; path = ReleaseViewController.h; sourceTree = "<group>"; };
		3D1ED756227E2E09005D9B51 /* ReleaseViewController.m */ = {isa = PBXFileReference; lastKnownFileType = sourcecode.c.objc; path = ReleaseViewController.m; sourceTree = "<group>"; };
		3D1ED7882281E8C1005D9B51 /* NewsModel.h */ = {isa = PBXFileReference; lastKnownFileType = sourcecode.c.h; path = NewsModel.h; sourceTree = "<group>"; };
		3D1ED7892281E8C1005D9B51 /* NewsModel.m */ = {isa = PBXFileReference; lastKnownFileType = sourcecode.c.objc; path = NewsModel.m; sourceTree = "<group>"; };
		3D5F92C622870400000BC0DE /* NewsManagedObject+CoreDataProperties.h */ = {isa = PBXFileReference; lastKnownFileType = sourcecode.c.h; path = "NewsManagedObject+CoreDataProperties.h"; sourceTree = "<group>"; };
		3D5F92C722870400000BC0DE /* NewsManagedObject+CoreDataClass.h */ = {isa = PBXFileReference; lastKnownFileType = sourcecode.c.h; path = "NewsManagedObject+CoreDataClass.h"; sourceTree = "<group>"; };
		3D5F92C822870400000BC0DE /* NewsManagedObject+CoreDataClass.m */ = {isa = PBXFileReference; lastKnownFileType = sourcecode.c.objc; path = "NewsManagedObject+CoreDataClass.m"; sourceTree = "<group>"; };
		3D5F92C922870400000BC0DE /* NewsManagedObject+CoreDataProperties.m */ = {isa = PBXFileReference; lastKnownFileType = sourcecode.c.objc; path = "NewsManagedObject+CoreDataProperties.m"; sourceTree = "<group>"; };
		3D5F92CC22871233000BC0DE /* NewsNetworkService.h */ = {isa = PBXFileReference; lastKnownFileType = sourcecode.c.h; path = NewsNetworkService.h; sourceTree = "<group>"; };
		3D5F92CD22871233000BC0DE /* NewsNetworkService.m */ = {isa = PBXFileReference; lastKnownFileType = sourcecode.c.objc; path = NewsNetworkService.m; sourceTree = "<group>"; };
		3D5F92CF22871EA5000BC0DE /* NewsNetworkServiceDelegate.h */ = {isa = PBXFileReference; lastKnownFileType = sourcecode.c.h; path = NewsNetworkServiceDelegate.h; sourceTree = "<group>"; };
		3D5F92D32289BD7D000BC0DE /* DTONews.h */ = {isa = PBXFileReference; lastKnownFileType = sourcecode.c.h; path = DTONews.h; sourceTree = "<group>"; };
		3D5F92D42289BD7D000BC0DE /* DTONews.m */ = {isa = PBXFileReference; lastKnownFileType = sourcecode.c.objc; path = DTONews.m; sourceTree = "<group>"; };
		3D5F92D6228B0282000BC0DE /* NewsDetailsViewController.h */ = {isa = PBXFileReference; lastKnownFileType = sourcecode.c.h; path = NewsDetailsViewController.h; sourceTree = "<group>"; };
		3D5F92D7228B0282000BC0DE /* NewsDetailsViewController.m */ = {isa = PBXFileReference; lastKnownFileType = sourcecode.c.objc; path = NewsDetailsViewController.m; sourceTree = "<group>"; };
		3D5F92D9228C45C8000BC0DE /* TestBundle.bundle */ = {isa = PBXFileReference; lastKnownFileType = "wrapper.plug-in"; path = TestBundle.bundle; sourceTree = "<group>"; };
		3D5F92DC2292F1C2000BC0DE /* ReleaseManagedObject+CoreDataProperties.h */ = {isa = PBXFileReference; lastKnownFileType = sourcecode.c.h; path = "ReleaseManagedObject+CoreDataProperties.h"; sourceTree = "<group>"; };
		3D5F92DD2292F1C2000BC0DE /* ReleaseManagedObject+CoreDataClass.h */ = {isa = PBXFileReference; lastKnownFileType = sourcecode.c.h; path = "ReleaseManagedObject+CoreDataClass.h"; sourceTree = "<group>"; };
		3D5F92DE2292F1C2000BC0DE /* ReleaseManagedObject+CoreDataClass.m */ = {isa = PBXFileReference; lastKnownFileType = sourcecode.c.objc; path = "ReleaseManagedObject+CoreDataClass.m"; sourceTree = "<group>"; };
		3D5F92DF2292F1C2000BC0DE /* ReleaseManagedObject+CoreDataProperties.m */ = {isa = PBXFileReference; lastKnownFileType = sourcecode.c.objc; path = "ReleaseManagedObject+CoreDataProperties.m"; sourceTree = "<group>"; };
		3D5F92E02292F1C2000BC0DE /* FeatureManagedObject+CoreDataProperties.h */ = {isa = PBXFileReference; lastKnownFileType = sourcecode.c.h; path = "FeatureManagedObject+CoreDataProperties.h"; sourceTree = "<group>"; };
		3D5F92E12292F1C2000BC0DE /* FeatureManagedObject+CoreDataClass.h */ = {isa = PBXFileReference; lastKnownFileType = sourcecode.c.h; path = "FeatureManagedObject+CoreDataClass.h"; sourceTree = "<group>"; };
		3D5F92E22292F1C2000BC0DE /* FeatureManagedObject+CoreDataClass.m */ = {isa = PBXFileReference; lastKnownFileType = sourcecode.c.objc; path = "FeatureManagedObject+CoreDataClass.m"; sourceTree = "<group>"; };
		3D5F92E32292F1C2000BC0DE /* FeatureManagedObject+CoreDataProperties.m */ = {isa = PBXFileReference; lastKnownFileType = sourcecode.c.objc; path = "FeatureManagedObject+CoreDataProperties.m"; sourceTree = "<group>"; };
		3D5F92E82292F2B2000BC0DE /* ReleaseNetworkService.h */ = {isa = PBXFileReference; lastKnownFileType = sourcecode.c.h; path = ReleaseNetworkService.h; sourceTree = "<group>"; };
		3D5F92E92292F2B2000BC0DE /* ReleaseNetworkService.m */ = {isa = PBXFileReference; lastKnownFileType = sourcecode.c.objc; path = ReleaseNetworkService.m; sourceTree = "<group>"; };
		3D5F92EB2292F332000BC0DE /* FeatureNetworkService.h */ = {isa = PBXFileReference; lastKnownFileType = sourcecode.c.h; path = FeatureNetworkService.h; sourceTree = "<group>"; };
		3D5F92EC2292F332000BC0DE /* FeatureNetworkService.m */ = {isa = PBXFileReference; lastKnownFileType = sourcecode.c.objc; path = FeatureNetworkService.m; sourceTree = "<group>"; };
		3D5F92EE2292F3C3000BC0DE /* ReleaseNetworkServiceDelegate.h */ = {isa = PBXFileReference; lastKnownFileType = sourcecode.c.h; path = ReleaseNetworkServiceDelegate.h; sourceTree = "<group>"; };
		3D5F92EF2292F3D4000BC0DE /* FeatureNetworkServiceDelegate.h */ = {isa = PBXFileReference; lastKnownFileType = sourcecode.c.h; path = FeatureNetworkServiceDelegate.h; sourceTree = "<group>"; };
		3D5F92F02292FF9F000BC0DE /* DTORelease.h */ = {isa = PBXFileReference; lastKnownFileType = sourcecode.c.h; path = DTORelease.h; sourceTree = "<group>"; };
		3D5F92F12292FF9F000BC0DE /* DTORelease.m */ = {isa = PBXFileReference; lastKnownFileType = sourcecode.c.objc; path = DTORelease.m; sourceTree = "<group>"; };
		3D5F92F32292FFB1000BC0DE /* DTOFeature.h */ = {isa = PBXFileReference; lastKnownFileType = sourcecode.c.h; path = DTOFeature.h; sourceTree = "<group>"; };
		3D5F92F42292FFB1000BC0DE /* DTOFeature.m */ = {isa = PBXFileReference; lastKnownFileType = sourcecode.c.objc; path = DTOFeature.m; sourceTree = "<group>"; };
		3D5F92F6229302AA000BC0DE /* ReleaseModel.h */ = {isa = PBXFileReference; lastKnownFileType = sourcecode.c.h; path = ReleaseModel.h; sourceTree = "<group>"; };
		3D5F92F7229302AA000BC0DE /* ReleaseModel.m */ = {isa = PBXFileReference; lastKnownFileType = sourcecode.c.objc; path = ReleaseModel.m; sourceTree = "<group>"; };
		3D5F92F9229302BF000BC0DE /* FeatureModel.h */ = {isa = PBXFileReference; lastKnownFileType = sourcecode.c.h; path = FeatureModel.h; sourceTree = "<group>"; };
		3D5F92FA229302BF000BC0DE /* FeatureModel.m */ = {isa = PBXFileReference; lastKnownFileType = sourcecode.c.objc; path = FeatureModel.m; sourceTree = "<group>"; };
		3D5F92FC22931804000BC0DE /* NewsViewDelegate.h */ = {isa = PBXFileReference; fileEncoding = 4; lastKnownFileType = sourcecode.c.h; path = NewsViewDelegate.h; sourceTree = "<group>"; };
		3D5F92FE229323BF000BC0DE /* ReleaseViewDelegate.h */ = {isa = PBXFileReference; lastKnownFileType = sourcecode.c.h; path = ReleaseViewDelegate.h; sourceTree = "<group>"; };
		3D5F92FF22934193000BC0DE /* ReleaseCollectionViewCell.h */ = {isa = PBXFileReference; lastKnownFileType = sourcecode.c.h; path = ReleaseCollectionViewCell.h; sourceTree = "<group>"; };
		3D5F930022934193000BC0DE /* ReleaseCollectionViewCell.m */ = {isa = PBXFileReference; lastKnownFileType = sourcecode.c.objc; path = ReleaseCollectionViewCell.m; sourceTree = "<group>"; };
		54E352DE43DF4075764072EB /* Pods-ReleaseManagerTests.debug.xcconfig */ = {isa = PBXFileReference; includeInIndex = 1; lastKnownFileType = text.xcconfig; name = "Pods-ReleaseManagerTests.debug.xcconfig"; path = "Target Support Files/Pods-ReleaseManagerTests/Pods-ReleaseManagerTests.debug.xcconfig"; sourceTree = "<group>"; };
		5895B6F4F80DA4E011C3D163 /* Pods-ReleaseManagerUITests.release.xcconfig */ = {isa = PBXFileReference; includeInIndex = 1; lastKnownFileType = text.xcconfig; name = "Pods-ReleaseManagerUITests.release.xcconfig"; path = "Target Support Files/Pods-ReleaseManagerUITests/Pods-ReleaseManagerUITests.release.xcconfig"; sourceTree = "<group>"; };
		7B0D3B2A239C3C3EA6EF0DB8 /* Pods-ReleaseManager.debug.xcconfig */ = {isa = PBXFileReference; includeInIndex = 1; lastKnownFileType = text.xcconfig; name = "Pods-ReleaseManager.debug.xcconfig"; path = "Target Support Files/Pods-ReleaseManager/Pods-ReleaseManager.debug.xcconfig"; sourceTree = "<group>"; };
		977314F0800DC55C314C495E /* libPods-ReleaseManager.a */ = {isa = PBXFileReference; explicitFileType = archive.ar; includeInIndex = 0; path = "libPods-ReleaseManager.a"; sourceTree = BUILT_PRODUCTS_DIR; };
		B202EF00D0718098C470993C /* Pods-ReleaseManagerTests.release.xcconfig */ = {isa = PBXFileReference; includeInIndex = 1; lastKnownFileType = text.xcconfig; name = "Pods-ReleaseManagerTests.release.xcconfig"; path = "Target Support Files/Pods-ReleaseManagerTests/Pods-ReleaseManagerTests.release.xcconfig"; sourceTree = "<group>"; };
		C969DF8C7352E08339E638AF /* libPods-ReleaseManagerTests.a */ = {isa = PBXFileReference; explicitFileType = archive.ar; includeInIndex = 0; path = "libPods-ReleaseManagerTests.a"; sourceTree = BUILT_PRODUCTS_DIR; };
		E2F611EAEA6B954C3C16065A /* Pods-ReleaseManagerUITests.debug.xcconfig */ = {isa = PBXFileReference; includeInIndex = 1; lastKnownFileType = text.xcconfig; name = "Pods-ReleaseManagerUITests.debug.xcconfig"; path = "Target Support Files/Pods-ReleaseManagerUITests/Pods-ReleaseManagerUITests.debug.xcconfig"; sourceTree = "<group>"; };
		F7FAEF724CE13C6237208B84 /* Pods-ReleaseManager.release.xcconfig */ = {isa = PBXFileReference; includeInIndex = 1; lastKnownFileType = text.xcconfig; name = "Pods-ReleaseManager.release.xcconfig"; path = "Target Support Files/Pods-ReleaseManager/Pods-ReleaseManager.release.xcconfig"; sourceTree = "<group>"; };
		FBC20FEF0D8C57291C0549D1 /* libPods-ReleaseManagerUITests.a */ = {isa = PBXFileReference; explicitFileType = archive.ar; includeInIndex = 0; path = "libPods-ReleaseManagerUITests.a"; sourceTree = BUILT_PRODUCTS_DIR; };
/* End PBXFileReference section */

/* Begin PBXFrameworksBuildPhase section */
		3D1ED714227C9D79005D9B51 /* Frameworks */ = {
			isa = PBXFrameworksBuildPhase;
			buildActionMask = 2147483647;
			files = (
				D7815FFD62C92D6414BED6E5 /* libPods-ReleaseManager.a in Frameworks */,
			);
			runOnlyForDeploymentPostprocessing = 0;
		};
		3D1ED72F227C9D7C005D9B51 /* Frameworks */ = {
			isa = PBXFrameworksBuildPhase;
			buildActionMask = 2147483647;
			files = (
				E3FE2F04553A4B77D75D4AD9 /* libPods-ReleaseManagerTests.a in Frameworks */,
			);
			runOnlyForDeploymentPostprocessing = 0;
		};
		3D1ED73A227C9D7C005D9B51 /* Frameworks */ = {
			isa = PBXFrameworksBuildPhase;
			buildActionMask = 2147483647;
			files = (
				9289F48CC939A92F92F2EA24 /* libPods-ReleaseManagerUITests.a in Frameworks */,
			);
			runOnlyForDeploymentPostprocessing = 0;
		};
/* End PBXFrameworksBuildPhase section */

/* Begin PBXGroup section */
		3D1ED70E227C9D79005D9B51 = {
			isa = PBXGroup;
			children = (
				3D1ED719227C9D79005D9B51 /* ReleaseManager */,
				3D1ED735227C9D7C005D9B51 /* ReleaseManagerTests */,
				3D1ED740227C9D7C005D9B51 /* ReleaseManagerUITests */,
				3D1ED718227C9D79005D9B51 /* Products */,
				E0CEE4B749681EE885ECF97C /* Pods */,
				937F22335831DE231FCBD548 /* Frameworks */,
			);
			sourceTree = "<group>";
		};
		3D1ED718227C9D79005D9B51 /* Products */ = {
			isa = PBXGroup;
			children = (
				3D1ED717227C9D79005D9B51 /* ReleaseManager.app */,
				3D1ED732227C9D7C005D9B51 /* ReleaseManagerTests.xctest */,
				3D1ED73D227C9D7C005D9B51 /* ReleaseManagerUITests.xctest */,
			);
			name = Products;
			sourceTree = "<group>";
		};
		3D1ED719227C9D79005D9B51 /* ReleaseManager */ = {
			isa = PBXGroup;
			children = (
				3D1ED78E2281E8EC005D9B51 /* Network */,
				3D1ED763227E3A7F005D9B51 /* CoreData */,
				3D1ED75C227E3696005D9B51 /* Models */,
				3D1ED758227E2E17005D9B51 /* UserInterface */,
				3D1ED71A227C9D79005D9B51 /* AppDelegate.h */,
				3D1ED71B227C9D79005D9B51 /* AppDelegate.m */,
				3D1ED726227C9D7C005D9B51 /* Assets.xcassets */,
				3D1ED728227C9D7C005D9B51 /* LaunchScreen.storyboard */,
				3D1ED72B227C9D7C005D9B51 /* Info.plist */,
				3D1ED72C227C9D7C005D9B51 /* main.m */,
			);
			path = ReleaseManager;
			sourceTree = "<group>";
		};
		3D1ED735227C9D7C005D9B51 /* ReleaseManagerTests */ = {
			isa = PBXGroup;
			children = (
				3D1ED736227C9D7C005D9B51 /* NewsModelTests.m */,
				3D5F92DB228C45DE000BC0DE /* Resouces */,
				3D1ED738227C9D7C005D9B51 /* Info.plist */,
			);
			path = ReleaseManagerTests;
			sourceTree = "<group>";
		};
		3D1ED740227C9D7C005D9B51 /* ReleaseManagerUITests */ = {
			isa = PBXGroup;
			children = (
				3D1ED741227C9D7C005D9B51 /* NewsModelUITests.m */,
				3D1ED743227C9D7C005D9B51 /* Info.plist */,
			);
			path = ReleaseManagerUITests;
			sourceTree = "<group>";
		};
		3D1ED758227E2E17005D9B51 /* UserInterface */ = {
			isa = PBXGroup;
			children = (
				3D5F92FD2293180F000BC0DE /* Protocols */,
				3D1ED74F227E2DB5005D9B51 /* NewsViewController.h */,
				3D1ED750227E2DB5005D9B51 /* NewsViewController.m */,
				3D1ED755227E2E09005D9B51 /* ReleaseViewController.h */,
				3D1ED756227E2E09005D9B51 /* ReleaseViewController.m */,
				3D5F92D6228B0282000BC0DE /* NewsDetailsViewController.h */,
				3D5F92D7228B0282000BC0DE /* NewsDetailsViewController.m */,
				3D5F92FF22934193000BC0DE /* ReleaseCollectionViewCell.h */,
				3D5F930022934193000BC0DE /* ReleaseCollectionViewCell.m */,
			);
			name = UserInterface;
			sourceTree = "<group>";
		};
		3D1ED75C227E3696005D9B51 /* Models */ = {
			isa = PBXGroup;
			children = (
				3D1ED78F2281EE43005D9B51 /* DTO */,
				3D1ED7882281E8C1005D9B51 /* NewsModel.h */,
				3D1ED7892281E8C1005D9B51 /* NewsModel.m */,
				3D5F92F6229302AA000BC0DE /* ReleaseModel.h */,
				3D5F92F7229302AA000BC0DE /* ReleaseModel.m */,
				3D5F92F9229302BF000BC0DE /* FeatureModel.h */,
				3D5F92FA229302BF000BC0DE /* FeatureModel.m */,
			);
			name = Models;
			sourceTree = "<group>";
		};
		3D1ED763227E3A7F005D9B51 /* CoreData */ = {
			isa = PBXGroup;
			children = (
				3D5F92DC2292F1C2000BC0DE /* ReleaseManagedObject+CoreDataProperties.h */,
				3D5F92DD2292F1C2000BC0DE /* ReleaseManagedObject+CoreDataClass.h */,
				3D5F92DE2292F1C2000BC0DE /* ReleaseManagedObject+CoreDataClass.m */,
				3D5F92DF2292F1C2000BC0DE /* ReleaseManagedObject+CoreDataProperties.m */,
				3D5F92E02292F1C2000BC0DE /* FeatureManagedObject+CoreDataProperties.h */,
				3D5F92E12292F1C2000BC0DE /* FeatureManagedObject+CoreDataClass.h */,
				3D5F92E22292F1C2000BC0DE /* FeatureManagedObject+CoreDataClass.m */,
				3D5F92E32292F1C2000BC0DE /* FeatureManagedObject+CoreDataProperties.m */,
				3D5F92C622870400000BC0DE /* NewsManagedObject+CoreDataProperties.h */,
				3D5F92C722870400000BC0DE /* NewsManagedObject+CoreDataClass.h */,
				3D5F92C822870400000BC0DE /* NewsManagedObject+CoreDataClass.m */,
				3D5F92C922870400000BC0DE /* NewsManagedObject+CoreDataProperties.m */,
				3D1ED723227C9D79005D9B51 /* ReleaseManager.xcdatamodeld */,
			);
			name = CoreData;
			sourceTree = "<group>";
		};
		3D1ED78E2281E8EC005D9B51 /* Network */ = {
			isa = PBXGroup;
			children = (
				3D5F92D02289BC6E000BC0DE /* Protocols */,
				3D5F92E82292F2B2000BC0DE /* ReleaseNetworkService.h */,
				3D5F92E92292F2B2000BC0DE /* ReleaseNetworkService.m */,
				3D5F92CC22871233000BC0DE /* NewsNetworkService.h */,
				3D5F92CD22871233000BC0DE /* NewsNetworkService.m */,
				3D5F92EB2292F332000BC0DE /* FeatureNetworkService.h */,
				3D5F92EC2292F332000BC0DE /* FeatureNetworkService.m */,
			);
			name = Network;
			sourceTree = "<group>";
		};
		3D1ED78F2281EE43005D9B51 /* DTO */ = {
			isa = PBXGroup;
			children = (
				3D5F92D32289BD7D000BC0DE /* DTONews.h */,
				3D5F92D42289BD7D000BC0DE /* DTONews.m */,
				3D5F92F02292FF9F000BC0DE /* DTORelease.h */,
				3D5F92F12292FF9F000BC0DE /* DTORelease.m */,
				3D5F92F32292FFB1000BC0DE /* DTOFeature.h */,
				3D5F92F42292FFB1000BC0DE /* DTOFeature.m */,
			);
			name = DTO;
			sourceTree = "<group>";
		};
		3D5F92D02289BC6E000BC0DE /* Protocols */ = {
			isa = PBXGroup;
			children = (
				3D5F92CF22871EA5000BC0DE /* NewsNetworkServiceDelegate.h */,
				3D5F92EE2292F3C3000BC0DE /* ReleaseNetworkServiceDelegate.h */,
				3D5F92EF2292F3D4000BC0DE /* FeatureNetworkServiceDelegate.h */,
			);
			path = Protocols;
			sourceTree = "<group>";
		};
		3D5F92DB228C45DE000BC0DE /* Resouces */ = {
			isa = PBXGroup;
			children = (
				3D5F92D9228C45C8000BC0DE /* TestBundle.bundle */,
			);
			name = Resouces;
			sourceTree = "<group>";
		};
		3D5F92FD2293180F000BC0DE /* Protocols */ = {
			isa = PBXGroup;
			children = (
				3D5F92FC22931804000BC0DE /* NewsViewDelegate.h */,
				3D5F92FE229323BF000BC0DE /* ReleaseViewDelegate.h */,
			);
			name = Protocols;
			sourceTree = "<group>";
		};
		937F22335831DE231FCBD548 /* Frameworks */ = {
			isa = PBXGroup;
			children = (
				977314F0800DC55C314C495E /* libPods-ReleaseManager.a */,
				C969DF8C7352E08339E638AF /* libPods-ReleaseManagerTests.a */,
				FBC20FEF0D8C57291C0549D1 /* libPods-ReleaseManagerUITests.a */,
			);
			name = Frameworks;
			sourceTree = "<group>";
		};
		E0CEE4B749681EE885ECF97C /* Pods */ = {
			isa = PBXGroup;
			children = (
				7B0D3B2A239C3C3EA6EF0DB8 /* Pods-ReleaseManager.debug.xcconfig */,
				F7FAEF724CE13C6237208B84 /* Pods-ReleaseManager.release.xcconfig */,
				54E352DE43DF4075764072EB /* Pods-ReleaseManagerTests.debug.xcconfig */,
				B202EF00D0718098C470993C /* Pods-ReleaseManagerTests.release.xcconfig */,
				E2F611EAEA6B954C3C16065A /* Pods-ReleaseManagerUITests.debug.xcconfig */,
				5895B6F4F80DA4E011C3D163 /* Pods-ReleaseManagerUITests.release.xcconfig */,
			);
			path = Pods;
			sourceTree = "<group>";
		};
/* End PBXGroup section */

/* Begin PBXNativeTarget section */
		3D1ED716227C9D79005D9B51 /* ReleaseManager */ = {
			isa = PBXNativeTarget;
			buildConfigurationList = 3D1ED746227C9D7C005D9B51 /* Build configuration list for PBXNativeTarget "ReleaseManager" */;
			buildPhases = (
				B917AE9FE977F64241CE0BC6 /* [CP] Check Pods Manifest.lock */,
				3D1ED713227C9D79005D9B51 /* Sources */,
				3D1ED714227C9D79005D9B51 /* Frameworks */,
				3D1ED715227C9D79005D9B51 /* Resources */,
			);
			buildRules = (
			);
			dependencies = (
			);
			name = ReleaseManager;
			productName = ReleaseManager;
			productReference = 3D1ED717227C9D79005D9B51 /* ReleaseManager.app */;
			productType = "com.apple.product-type.application";
		};
		3D1ED731227C9D7C005D9B51 /* ReleaseManagerTests */ = {
			isa = PBXNativeTarget;
			buildConfigurationList = 3D1ED749227C9D7C005D9B51 /* Build configuration list for PBXNativeTarget "ReleaseManagerTests" */;
			buildPhases = (
				D1C54BCD695FDD7C8176A677 /* [CP] Check Pods Manifest.lock */,
				3D1ED72E227C9D7C005D9B51 /* Sources */,
				3D1ED72F227C9D7C005D9B51 /* Frameworks */,
				3D1ED730227C9D7C005D9B51 /* Resources */,
			);
			buildRules = (
			);
			dependencies = (
				3D1ED734227C9D7C005D9B51 /* PBXTargetDependency */,
			);
			name = ReleaseManagerTests;
			productName = ReleaseManagerTests;
			productReference = 3D1ED732227C9D7C005D9B51 /* ReleaseManagerTests.xctest */;
			productType = "com.apple.product-type.bundle.unit-test";
		};
		3D1ED73C227C9D7C005D9B51 /* ReleaseManagerUITests */ = {
			isa = PBXNativeTarget;
			buildConfigurationList = 3D1ED74C227C9D7C005D9B51 /* Build configuration list for PBXNativeTarget "ReleaseManagerUITests" */;
			buildPhases = (
				52CCB436E395A863B7889F20 /* [CP] Check Pods Manifest.lock */,
				3D1ED739227C9D7C005D9B51 /* Sources */,
				3D1ED73A227C9D7C005D9B51 /* Frameworks */,
				3D1ED73B227C9D7C005D9B51 /* Resources */,
			);
			buildRules = (
			);
			dependencies = (
				3D1ED73F227C9D7C005D9B51 /* PBXTargetDependency */,
			);
			name = ReleaseManagerUITests;
			productName = ReleaseManagerUITests;
			productReference = 3D1ED73D227C9D7C005D9B51 /* ReleaseManagerUITests.xctest */;
			productType = "com.apple.product-type.bundle.ui-testing";
		};
/* End PBXNativeTarget section */

/* Begin PBXProject section */
		3D1ED70F227C9D79005D9B51 /* Project object */ = {
			isa = PBXProject;
			attributes = {
				LastUpgradeCheck = 1010;
				ORGANIZATIONNAME = "Александр Ломтев";
				TargetAttributes = {
					3D1ED716227C9D79005D9B51 = {
						CreatedOnToolsVersion = 10.1;
					};
					3D1ED731227C9D7C005D9B51 = {
						CreatedOnToolsVersion = 10.1;
						TestTargetID = 3D1ED716227C9D79005D9B51;
					};
					3D1ED73C227C9D7C005D9B51 = {
						CreatedOnToolsVersion = 10.1;
						TestTargetID = 3D1ED716227C9D79005D9B51;
					};
				};
			};
			buildConfigurationList = 3D1ED712227C9D79005D9B51 /* Build configuration list for PBXProject "ReleaseManager" */;
			compatibilityVersion = "Xcode 9.3";
			developmentRegion = en;
			hasScannedForEncodings = 0;
			knownRegions = (
				en,
				Base,
			);
			mainGroup = 3D1ED70E227C9D79005D9B51;
			productRefGroup = 3D1ED718227C9D79005D9B51 /* Products */;
			projectDirPath = "";
			projectRoot = "";
			targets = (
				3D1ED716227C9D79005D9B51 /* ReleaseManager */,
				3D1ED731227C9D7C005D9B51 /* ReleaseManagerTests */,
				3D1ED73C227C9D7C005D9B51 /* ReleaseManagerUITests */,
			);
		};
/* End PBXProject section */

/* Begin PBXResourcesBuildPhase section */
		3D1ED715227C9D79005D9B51 /* Resources */ = {
			isa = PBXResourcesBuildPhase;
			buildActionMask = 2147483647;
			files = (
				3D1ED72A227C9D7C005D9B51 /* LaunchScreen.storyboard in Resources */,
				3D1ED727227C9D7C005D9B51 /* Assets.xcassets in Resources */,
			);
			runOnlyForDeploymentPostprocessing = 0;
		};
		3D1ED730227C9D7C005D9B51 /* Resources */ = {
			isa = PBXResourcesBuildPhase;
			buildActionMask = 2147483647;
			files = (
				3D5F92DA228C45C8000BC0DE /* TestBundle.bundle in Resources */,
			);
			runOnlyForDeploymentPostprocessing = 0;
		};
		3D1ED73B227C9D7C005D9B51 /* Resources */ = {
			isa = PBXResourcesBuildPhase;
			buildActionMask = 2147483647;
			files = (
			);
			runOnlyForDeploymentPostprocessing = 0;
		};
/* End PBXResourcesBuildPhase section */

/* Begin PBXShellScriptBuildPhase section */
		52CCB436E395A863B7889F20 /* [CP] Check Pods Manifest.lock */ = {
			isa = PBXShellScriptBuildPhase;
			buildActionMask = 2147483647;
			files = (
			);
			inputFileListPaths = (
			);
			inputPaths = (
				"${PODS_PODFILE_DIR_PATH}/Podfile.lock",
				"${PODS_ROOT}/Manifest.lock",
			);
			name = "[CP] Check Pods Manifest.lock";
			outputFileListPaths = (
			);
			outputPaths = (
				"$(DERIVED_FILE_DIR)/Pods-ReleaseManagerUITests-checkManifestLockResult.txt",
			);
			runOnlyForDeploymentPostprocessing = 0;
			shellPath = /bin/sh;
			shellScript = "diff \"${PODS_PODFILE_DIR_PATH}/Podfile.lock\" \"${PODS_ROOT}/Manifest.lock\" > /dev/null\nif [ $? != 0 ] ; then\n    # print error to STDERR\n    echo \"error: The sandbox is not in sync with the Podfile.lock. Run 'pod install' or update your CocoaPods installation.\" >&2\n    exit 1\nfi\n# This output is used by Xcode 'outputs' to avoid re-running this script phase.\necho \"SUCCESS\" > \"${SCRIPT_OUTPUT_FILE_0}\"\n";
			showEnvVarsInLog = 0;
		};
		B917AE9FE977F64241CE0BC6 /* [CP] Check Pods Manifest.lock */ = {
			isa = PBXShellScriptBuildPhase;
			buildActionMask = 2147483647;
			files = (
			);
			inputFileListPaths = (
			);
			inputPaths = (
				"${PODS_PODFILE_DIR_PATH}/Podfile.lock",
				"${PODS_ROOT}/Manifest.lock",
			);
			name = "[CP] Check Pods Manifest.lock";
			outputFileListPaths = (
			);
			outputPaths = (
				"$(DERIVED_FILE_DIR)/Pods-ReleaseManager-checkManifestLockResult.txt",
			);
			runOnlyForDeploymentPostprocessing = 0;
			shellPath = /bin/sh;
			shellScript = "diff \"${PODS_PODFILE_DIR_PATH}/Podfile.lock\" \"${PODS_ROOT}/Manifest.lock\" > /dev/null\nif [ $? != 0 ] ; then\n    # print error to STDERR\n    echo \"error: The sandbox is not in sync with the Podfile.lock. Run 'pod install' or update your CocoaPods installation.\" >&2\n    exit 1\nfi\n# This output is used by Xcode 'outputs' to avoid re-running this script phase.\necho \"SUCCESS\" > \"${SCRIPT_OUTPUT_FILE_0}\"\n";
			showEnvVarsInLog = 0;
		};
		D1C54BCD695FDD7C8176A677 /* [CP] Check Pods Manifest.lock */ = {
			isa = PBXShellScriptBuildPhase;
			buildActionMask = 2147483647;
			files = (
			);
			inputFileListPaths = (
			);
			inputPaths = (
				"${PODS_PODFILE_DIR_PATH}/Podfile.lock",
				"${PODS_ROOT}/Manifest.lock",
			);
			name = "[CP] Check Pods Manifest.lock";
			outputFileListPaths = (
			);
			outputPaths = (
				"$(DERIVED_FILE_DIR)/Pods-ReleaseManagerTests-checkManifestLockResult.txt",
			);
			runOnlyForDeploymentPostprocessing = 0;
			shellPath = /bin/sh;
			shellScript = "diff \"${PODS_PODFILE_DIR_PATH}/Podfile.lock\" \"${PODS_ROOT}/Manifest.lock\" > /dev/null\nif [ $? != 0 ] ; then\n    # print error to STDERR\n    echo \"error: The sandbox is not in sync with the Podfile.lock. Run 'pod install' or update your CocoaPods installation.\" >&2\n    exit 1\nfi\n# This output is used by Xcode 'outputs' to avoid re-running this script phase.\necho \"SUCCESS\" > \"${SCRIPT_OUTPUT_FILE_0}\"\n";
			showEnvVarsInLog = 0;
		};
/* End PBXShellScriptBuildPhase section */

/* Begin PBXSourcesBuildPhase section */
		3D1ED713227C9D79005D9B51 /* Sources */ = {
			isa = PBXSourcesBuildPhase;
			buildActionMask = 2147483647;
			files = (
				3D5F92E52292F1C2000BC0DE /* ReleaseManagedObject+CoreDataProperties.m in Sources */,
				3D1ED757227E2E09005D9B51 /* ReleaseViewController.m in Sources */,
				3D5F92CE22871233000BC0DE /* NewsNetworkService.m in Sources */,
				3D1ED71C227C9D79005D9B51 /* AppDelegate.m in Sources */,
				3D1ED751227E2DB5005D9B51 /* NewsViewController.m in Sources */,
				3D5F92D8228B0282000BC0DE /* NewsDetailsViewController.m in Sources */,
				3D5F92CB22870400000BC0DE /* NewsManagedObject+CoreDataProperties.m in Sources */,
				3D1ED78A2281E8C1005D9B51 /* NewsModel.m in Sources */,
				3D5F92D52289BD7D000BC0DE /* DTONews.m in Sources */,
				3D1ED72D227C9D7C005D9B51 /* main.m in Sources */,
				3D5F930122934193000BC0DE /* ReleaseCollectionViewCell.m in Sources */,
				3D5F92F52292FFB1000BC0DE /* DTOFeature.m in Sources */,
				3D5F92CA22870400000BC0DE /* NewsManagedObject+CoreDataClass.m in Sources */,
				3D5F92F22292FF9F000BC0DE /* DTORelease.m in Sources */,
				3D5F92E42292F1C2000BC0DE /* ReleaseManagedObject+CoreDataClass.m in Sources */,
				3D5F92FB229302C0000BC0DE /* FeatureModel.m in Sources */,
				3D5F92E62292F1C2000BC0DE /* FeatureManagedObject+CoreDataClass.m in Sources */,
				3D5F92ED2292F332000BC0DE /* FeatureNetworkService.m in Sources */,
				3D1ED725227C9D79005D9B51 /* ReleaseManager.xcdatamodeld in Sources */,
				3D5F92F8229302AA000BC0DE /* ReleaseModel.m in Sources */,
				3D5F92E72292F1C2000BC0DE /* FeatureManagedObject+CoreDataProperties.m in Sources */,
				3D5F92EA2292F2B2000BC0DE /* ReleaseNetworkService.m in Sources */,
			);
			runOnlyForDeploymentPostprocessing = 0;
		};
		3D1ED72E227C9D7C005D9B51 /* Sources */ = {
			isa = PBXSourcesBuildPhase;
			buildActionMask = 2147483647;
			files = (
				3D1ED737227C9D7C005D9B51 /* NewsModelTests.m in Sources */,
			);
			runOnlyForDeploymentPostprocessing = 0;
		};
		3D1ED739227C9D7C005D9B51 /* Sources */ = {
			isa = PBXSourcesBuildPhase;
			buildActionMask = 2147483647;
			files = (
				3D1ED742227C9D7C005D9B51 /* NewsModelUITests.m in Sources */,
			);
			runOnlyForDeploymentPostprocessing = 0;
		};
/* End PBXSourcesBuildPhase section */

/* Begin PBXTargetDependency section */
		3D1ED734227C9D7C005D9B51 /* PBXTargetDependency */ = {
			isa = PBXTargetDependency;
			target = 3D1ED716227C9D79005D9B51 /* ReleaseManager */;
			targetProxy = 3D1ED733227C9D7C005D9B51 /* PBXContainerItemProxy */;
		};
		3D1ED73F227C9D7C005D9B51 /* PBXTargetDependency */ = {
			isa = PBXTargetDependency;
			target = 3D1ED716227C9D79005D9B51 /* ReleaseManager */;
			targetProxy = 3D1ED73E227C9D7C005D9B51 /* PBXContainerItemProxy */;
		};
/* End PBXTargetDependency section */

/* Begin PBXVariantGroup section */
		3D1ED728227C9D7C005D9B51 /* LaunchScreen.storyboard */ = {
			isa = PBXVariantGroup;
			children = (
				3D1ED729227C9D7C005D9B51 /* Base */,
			);
			name = LaunchScreen.storyboard;
			sourceTree = "<group>";
		};
/* End PBXVariantGroup section */

/* Begin XCBuildConfiguration section */
		3D1ED744227C9D7C005D9B51 /* Debug */ = {
			isa = XCBuildConfiguration;
			buildSettings = {
				ALWAYS_SEARCH_USER_PATHS = NO;
				CLANG_ANALYZER_NONNULL = YES;
				CLANG_ANALYZER_NUMBER_OBJECT_CONVERSION = YES_AGGRESSIVE;
				CLANG_CXX_LANGUAGE_STANDARD = "gnu++14";
				CLANG_CXX_LIBRARY = "libc++";
				CLANG_ENABLE_MODULES = YES;
				CLANG_ENABLE_OBJC_ARC = YES;
				CLANG_ENABLE_OBJC_WEAK = YES;
				CLANG_WARN_BLOCK_CAPTURE_AUTORELEASING = YES;
				CLANG_WARN_BOOL_CONVERSION = YES;
				CLANG_WARN_COMMA = YES;
				CLANG_WARN_CONSTANT_CONVERSION = YES;
				CLANG_WARN_DEPRECATED_OBJC_IMPLEMENTATIONS = YES;
				CLANG_WARN_DIRECT_OBJC_ISA_USAGE = YES_ERROR;
				CLANG_WARN_DOCUMENTATION_COMMENTS = YES;
				CLANG_WARN_EMPTY_BODY = YES;
				CLANG_WARN_ENUM_CONVERSION = YES;
				CLANG_WARN_INFINITE_RECURSION = YES;
				CLANG_WARN_INT_CONVERSION = YES;
				CLANG_WARN_NON_LITERAL_NULL_CONVERSION = YES;
				CLANG_WARN_OBJC_IMPLICIT_RETAIN_SELF = YES;
				CLANG_WARN_OBJC_LITERAL_CONVERSION = YES;
				CLANG_WARN_OBJC_ROOT_CLASS = YES_ERROR;
				CLANG_WARN_RANGE_LOOP_ANALYSIS = YES;
				CLANG_WARN_STRICT_PROTOTYPES = YES;
				CLANG_WARN_SUSPICIOUS_MOVE = YES;
				CLANG_WARN_UNGUARDED_AVAILABILITY = YES_AGGRESSIVE;
				CLANG_WARN_UNREACHABLE_CODE = YES;
				CLANG_WARN__DUPLICATE_METHOD_MATCH = YES;
				CODE_SIGN_IDENTITY = "iPhone Developer";
				COPY_PHASE_STRIP = NO;
				DEBUG_INFORMATION_FORMAT = dwarf;
				ENABLE_STRICT_OBJC_MSGSEND = YES;
				ENABLE_TESTABILITY = YES;
				GCC_C_LANGUAGE_STANDARD = gnu11;
				GCC_DYNAMIC_NO_PIC = NO;
				GCC_NO_COMMON_BLOCKS = YES;
				GCC_OPTIMIZATION_LEVEL = 0;
				GCC_PREPROCESSOR_DEFINITIONS = (
					"DEBUG=1",
					"$(inherited)",
				);
				GCC_WARN_64_TO_32_BIT_CONVERSION = YES;
				GCC_WARN_ABOUT_RETURN_TYPE = YES_ERROR;
				GCC_WARN_UNDECLARED_SELECTOR = YES;
				GCC_WARN_UNINITIALIZED_AUTOS = YES_AGGRESSIVE;
				GCC_WARN_UNUSED_FUNCTION = YES;
				GCC_WARN_UNUSED_VARIABLE = YES;
				IPHONEOS_DEPLOYMENT_TARGET = 12.1;
				MTL_ENABLE_DEBUG_INFO = INCLUDE_SOURCE;
				MTL_FAST_MATH = YES;
				ONLY_ACTIVE_ARCH = YES;
				SDKROOT = iphoneos;
			};
			name = Debug;
		};
		3D1ED745227C9D7C005D9B51 /* Release */ = {
			isa = XCBuildConfiguration;
			buildSettings = {
				ALWAYS_SEARCH_USER_PATHS = NO;
				CLANG_ANALYZER_NONNULL = YES;
				CLANG_ANALYZER_NUMBER_OBJECT_CONVERSION = YES_AGGRESSIVE;
				CLANG_CXX_LANGUAGE_STANDARD = "gnu++14";
				CLANG_CXX_LIBRARY = "libc++";
				CLANG_ENABLE_MODULES = YES;
				CLANG_ENABLE_OBJC_ARC = YES;
				CLANG_ENABLE_OBJC_WEAK = YES;
				CLANG_WARN_BLOCK_CAPTURE_AUTORELEASING = YES;
				CLANG_WARN_BOOL_CONVERSION = YES;
				CLANG_WARN_COMMA = YES;
				CLANG_WARN_CONSTANT_CONVERSION = YES;
				CLANG_WARN_DEPRECATED_OBJC_IMPLEMENTATIONS = YES;
				CLANG_WARN_DIRECT_OBJC_ISA_USAGE = YES_ERROR;
				CLANG_WARN_DOCUMENTATION_COMMENTS = YES;
				CLANG_WARN_EMPTY_BODY = YES;
				CLANG_WARN_ENUM_CONVERSION = YES;
				CLANG_WARN_INFINITE_RECURSION = YES;
				CLANG_WARN_INT_CONVERSION = YES;
				CLANG_WARN_NON_LITERAL_NULL_CONVERSION = YES;
				CLANG_WARN_OBJC_IMPLICIT_RETAIN_SELF = YES;
				CLANG_WARN_OBJC_LITERAL_CONVERSION = YES;
				CLANG_WARN_OBJC_ROOT_CLASS = YES_ERROR;
				CLANG_WARN_RANGE_LOOP_ANALYSIS = YES;
				CLANG_WARN_STRICT_PROTOTYPES = YES;
				CLANG_WARN_SUSPICIOUS_MOVE = YES;
				CLANG_WARN_UNGUARDED_AVAILABILITY = YES_AGGRESSIVE;
				CLANG_WARN_UNREACHABLE_CODE = YES;
				CLANG_WARN__DUPLICATE_METHOD_MATCH = YES;
				CODE_SIGN_IDENTITY = "iPhone Developer";
				COPY_PHASE_STRIP = NO;
				DEBUG_INFORMATION_FORMAT = "dwarf-with-dsym";
				ENABLE_NS_ASSERTIONS = NO;
				ENABLE_STRICT_OBJC_MSGSEND = YES;
				GCC_C_LANGUAGE_STANDARD = gnu11;
				GCC_NO_COMMON_BLOCKS = YES;
				GCC_WARN_64_TO_32_BIT_CONVERSION = YES;
				GCC_WARN_ABOUT_RETURN_TYPE = YES_ERROR;
				GCC_WARN_UNDECLARED_SELECTOR = YES;
				GCC_WARN_UNINITIALIZED_AUTOS = YES_AGGRESSIVE;
				GCC_WARN_UNUSED_FUNCTION = YES;
				GCC_WARN_UNUSED_VARIABLE = YES;
				IPHONEOS_DEPLOYMENT_TARGET = 12.1;
				MTL_ENABLE_DEBUG_INFO = NO;
				MTL_FAST_MATH = YES;
				SDKROOT = iphoneos;
				VALIDATE_PRODUCT = YES;
			};
			name = Release;
		};
		3D1ED747227C9D7C005D9B51 /* Debug */ = {
			isa = XCBuildConfiguration;
			baseConfigurationReference = 7B0D3B2A239C3C3EA6EF0DB8 /* Pods-ReleaseManager.debug.xcconfig */;
			buildSettings = {
				ASSETCATALOG_COMPILER_APPICON_NAME = AppIcon;
				CODE_SIGN_STYLE = Automatic;
				INFOPLIST_FILE = ReleaseManager/Info.plist;
				LD_RUNPATH_SEARCH_PATHS = (
					"$(inherited)",
					"@executable_path/Frameworks",
				);
				PRODUCT_BUNDLE_IDENTIFIER = SBER.ReleaseManager;
				PRODUCT_NAME = "$(TARGET_NAME)";
				TARGETED_DEVICE_FAMILY = "1,2";
			};
			name = Debug;
		};
		3D1ED748227C9D7C005D9B51 /* Release */ = {
			isa = XCBuildConfiguration;
			baseConfigurationReference = F7FAEF724CE13C6237208B84 /* Pods-ReleaseManager.release.xcconfig */;
			buildSettings = {
				ASSETCATALOG_COMPILER_APPICON_NAME = AppIcon;
				CODE_SIGN_STYLE = Automatic;
				INFOPLIST_FILE = ReleaseManager/Info.plist;
				LD_RUNPATH_SEARCH_PATHS = (
					"$(inherited)",
					"@executable_path/Frameworks",
				);
				PRODUCT_BUNDLE_IDENTIFIER = SBER.ReleaseManager;
				PRODUCT_NAME = "$(TARGET_NAME)";
				TARGETED_DEVICE_FAMILY = "1,2";
			};
			name = Release;
		};
		3D1ED74A227C9D7C005D9B51 /* Debug */ = {
			isa = XCBuildConfiguration;
			baseConfigurationReference = 54E352DE43DF4075764072EB /* Pods-ReleaseManagerTests.debug.xcconfig */;
			buildSettings = {
				BUNDLE_LOADER = "$(TEST_HOST)";
				CODE_SIGN_STYLE = Automatic;
				INFOPLIST_FILE = ReleaseManagerTests/Info.plist;
				LD_RUNPATH_SEARCH_PATHS = (
					"$(inherited)",
					"@executable_path/Frameworks",
					"@loader_path/Frameworks",
				);
				PRODUCT_BUNDLE_IDENTIFIER = SBER.ReleaseManagerTests;
				PRODUCT_NAME = "$(TARGET_NAME)";
				TARGETED_DEVICE_FAMILY = "1,2";
				TEST_HOST = "$(BUILT_PRODUCTS_DIR)/ReleaseManager.app/ReleaseManager";
			};
			name = Debug;
		};
		3D1ED74B227C9D7C005D9B51 /* Release */ = {
			isa = XCBuildConfiguration;
			baseConfigurationReference = B202EF00D0718098C470993C /* Pods-ReleaseManagerTests.release.xcconfig */;
			buildSettings = {
				BUNDLE_LOADER = "$(TEST_HOST)";
				CODE_SIGN_STYLE = Automatic;
				INFOPLIST_FILE = ReleaseManagerTests/Info.plist;
				LD_RUNPATH_SEARCH_PATHS = (
					"$(inherited)",
					"@executable_path/Frameworks",
					"@loader_path/Frameworks",
				);
				PRODUCT_BUNDLE_IDENTIFIER = SBER.ReleaseManagerTests;
				PRODUCT_NAME = "$(TARGET_NAME)";
				TARGETED_DEVICE_FAMILY = "1,2";
				TEST_HOST = "$(BUILT_PRODUCTS_DIR)/ReleaseManager.app/ReleaseManager";
			};
			name = Release;
		};
		3D1ED74D227C9D7C005D9B51 /* Debug */ = {
			isa = XCBuildConfiguration;
			baseConfigurationReference = E2F611EAEA6B954C3C16065A /* Pods-ReleaseManagerUITests.debug.xcconfig */;
			buildSettings = {
				CODE_SIGN_STYLE = Automatic;
				INFOPLIST_FILE = ReleaseManagerUITests/Info.plist;
				LD_RUNPATH_SEARCH_PATHS = (
					"$(inherited)",
					"@executable_path/Frameworks",
					"@loader_path/Frameworks",
				);
				PRODUCT_BUNDLE_IDENTIFIER = SBER.ReleaseManagerUITests;
				PRODUCT_NAME = "$(TARGET_NAME)";
				TARGETED_DEVICE_FAMILY = "1,2";
				TEST_TARGET_NAME = ReleaseManager;
			};
			name = Debug;
		};
		3D1ED74E227C9D7C005D9B51 /* Release */ = {
			isa = XCBuildConfiguration;
			baseConfigurationReference = 5895B6F4F80DA4E011C3D163 /* Pods-ReleaseManagerUITests.release.xcconfig */;
			buildSettings = {
				CODE_SIGN_STYLE = Automatic;
				INFOPLIST_FILE = ReleaseManagerUITests/Info.plist;
				LD_RUNPATH_SEARCH_PATHS = (
					"$(inherited)",
					"@executable_path/Frameworks",
					"@loader_path/Frameworks",
				);
				PRODUCT_BUNDLE_IDENTIFIER = SBER.ReleaseManagerUITests;
				PRODUCT_NAME = "$(TARGET_NAME)";
				TARGETED_DEVICE_FAMILY = "1,2";
				TEST_TARGET_NAME = ReleaseManager;
			};
			name = Release;
		};
/* End XCBuildConfiguration section */

/* Begin XCConfigurationList section */
		3D1ED712227C9D79005D9B51 /* Build configuration list for PBXProject "ReleaseManager" */ = {
			isa = XCConfigurationList;
			buildConfigurations = (
				3D1ED744227C9D7C005D9B51 /* Debug */,
				3D1ED745227C9D7C005D9B51 /* Release */,
			);
			defaultConfigurationIsVisible = 0;
			defaultConfigurationName = Release;
		};
		3D1ED746227C9D7C005D9B51 /* Build configuration list for PBXNativeTarget "ReleaseManager" */ = {
			isa = XCConfigurationList;
			buildConfigurations = (
				3D1ED747227C9D7C005D9B51 /* Debug */,
				3D1ED748227C9D7C005D9B51 /* Release */,
			);
			defaultConfigurationIsVisible = 0;
			defaultConfigurationName = Release;
		};
		3D1ED749227C9D7C005D9B51 /* Build configuration list for PBXNativeTarget "ReleaseManagerTests" */ = {
			isa = XCConfigurationList;
			buildConfigurations = (
				3D1ED74A227C9D7C005D9B51 /* Debug */,
				3D1ED74B227C9D7C005D9B51 /* Release */,
			);
			defaultConfigurationIsVisible = 0;
			defaultConfigurationName = Release;
		};
		3D1ED74C227C9D7C005D9B51 /* Build configuration list for PBXNativeTarget "ReleaseManagerUITests" */ = {
			isa = XCConfigurationList;
			buildConfigurations = (
				3D1ED74D227C9D7C005D9B51 /* Debug */,
				3D1ED74E227C9D7C005D9B51 /* Release */,
			);
			defaultConfigurationIsVisible = 0;
			defaultConfigurationName = Release;
		};
/* End XCConfigurationList section */

/* Begin XCVersionGroup section */
		3D1ED723227C9D79005D9B51 /* ReleaseManager.xcdatamodeld */ = {
			isa = XCVersionGroup;
			children = (
				3D1ED724227C9D79005D9B51 /* ReleaseManager.xcdatamodel */,
			);
			currentVersion = 3D1ED724227C9D79005D9B51 /* ReleaseManager.xcdatamodel */;
			path = ReleaseManager.xcdatamodeld;
			sourceTree = "<group>";
			versionGroupType = wrapper.xcdatamodel;
		};
/* End XCVersionGroup section */
	};
	rootObject = 3D1ED70F227C9D79005D9B51 /* Project object */;
}
